
Microsoft Visual Studio Solution File, Format Version 12.00
# Visual Studio Version 16
VisualStudioVersion = 16.0.30204.135
MinimumVisualStudioVersion = 10.0.40219.1
Project("{FAE04EC0-301F-11D3-BF4B-00C04F79EFBC}") = "Vidly", "Vidly\Vidly.csproj", "{6A11895C-8251-46D4-906E-8D42B42DD206}"
EndProject
Global
	GlobalSection(SolutionConfigurationPlatforms) = preSolution
		Debug|Any CPU = Debug|Any CPU
		Release|Any CPU = Release|Any CPU
	EndGlobalSection
	GlobalSection(ProjectConfigurationPlatforms) = postSolution
		{6A11895C-8251-46D4-906E-8D42B42DD206}.Debug|Any CPU.ActiveCfg = Debug|Any CPU
		{6A11895C-8251-46D4-906E-8D42B42DD206}.Debug|Any CPU.Build.0 = Debug|Any CPU
		{6A11895C-8251-46D4-906E-8D42B42DD206}.Release|Any CPU.ActiveCfg = Release|Any CPU
		{6A11895C-8251-46D4-906E-8D42B42DD206}.Release|Any CPU.Build.0 = Release|Any CPU
	EndGlobalSection
	GlobalSection(SolutionProperties) = preSolution
		HideSolutionNode = FALSE
	EndGlobalSection
	GlobalSection(ExtensibilityGlobals) = postSolution
		SolutionGuid = {3F83BFA3-87A2-464B-8EA1-0E42BAF3AD1A}
	EndGlobalSection
EndGlobal
